// !$*UTF8*$!
{
	archiveVersion = 1;
	classes = {
	};
	objectVersion = 50;
	objects = {

/* Begin PBXBuildFile section */
		C812AACE25C078F800D0C967 /* AppDelegate.swift in Sources */ = {isa = PBXBuildFile; fileRef = C812AACD25C078F800D0C967 /* AppDelegate.swift */; };
		C812AAD025C078F800D0C967 /* SceneDelegate.swift in Sources */ = {isa = PBXBuildFile; fileRef = C812AACF25C078F800D0C967 /* SceneDelegate.swift */; };
		C812AAD225C078F800D0C967 /* ViewController.swift in Sources */ = {isa = PBXBuildFile; fileRef = C812AAD125C078F800D0C967 /* ViewController.swift */; };
		C812AAD525C078F800D0C967 /* Main.storyboard in Resources */ = {isa = PBXBuildFile; fileRef = C812AAD325C078F800D0C967 /* Main.storyboard */; };
		C812AAD725C078FA00D0C967 /* Assets.xcassets in Resources */ = {isa = PBXBuildFile; fileRef = C812AAD625C078FA00D0C967 /* Assets.xcassets */; };
		C812AADA25C078FA00D0C967 /* LaunchScreen.storyboard in Resources */ = {isa = PBXBuildFile; fileRef = C812AAD825C078FA00D0C967 /* LaunchScreen.storyboard */; };
		C812AAE525C078FA00D0C967 /* Lab03Tests.swift in Sources */ = {isa = PBXBuildFile; fileRef = C812AAE425C078FA00D0C967 /* Lab03Tests.swift */; };
		C812AAF025C078FA00D0C967 /* Lab03UITests.swift in Sources */ = {isa = PBXBuildFile; fileRef = C812AAEF25C078FA00D0C967 /* Lab03UITests.swift */; };
/* End PBXBuildFile section */

/* Begin PBXContainerItemProxy section */
		C812AAE125C078FA00D0C967 /* PBXContainerItemProxy */ = {
			isa = PBXContainerItemProxy;
			containerPortal = C812AAC225C078F800D0C967 /* Project object */;
			proxyType = 1;
			remoteGlobalIDString = C812AAC925C078F800D0C967;
			remoteInfo = Lab03;
		};
		C812AAEC25C078FA00D0C967 /* PBXContainerItemProxy */ = {
			isa = PBXContainerItemProxy;
			containerPortal = C812AAC225C078F800D0C967 /* Project object */;
			proxyType = 1;
			remoteGlobalIDString = C812AAC925C078F800D0C967;
			remoteInfo = Lab03;
		};
/* End PBXContainerItemProxy section */

/* Begin PBXFileReference section */
		C812AACA25C078F800D0C967 /* Lab03.app */ = {isa = PBXFileReference; explicitFileType = wrapper.application; includeInIndex = 0; path = Lab03.app; sourceTree = BUILT_PRODUCTS_DIR; };
		C812AACD25C078F800D0C967 /* AppDelegate.swift */ = {isa = PBXFileReference; lastKnownFileType = sourcecode.swift; path = AppDelegate.swift; sourceTree = "<group>"; };
		C812AACF25C078F800D0C967 /* SceneDelegate.swift */ = {isa = PBXFileReference; lastKnownFileType = sourcecode.swift; path = SceneDelegate.swift; sourceTree = "<group>"; };
		C812AAD125C078F800D0C967 /* ViewController.swift */ = {isa = PBXFileReference; lastKnownFileType = sourcecode.swift; path = ViewController.swift; sourceTree = "<group>"; };
		C812AAD425C078F800D0C967 /* Base */ = {isa = PBXFileReference; lastKnownFileType = file.storyboard; name = Base; path = Base.lproj/Main.storyboard; sourceTree = "<group>"; };
		C812AAD625C078FA00D0C967 /* Assets.xcassets */ = {isa = PBXFileReference; lastKnownFileType = folder.assetcatalog; path = Assets.xcassets; sourceTree = "<group>"; };
		C812AAD925C078FA00D0C967 /* Base */ = {isa = PBXFileReference; lastKnownFileType = file.storyboard; name = Base; path = Base.lproj/LaunchScreen.storyboard; sourceTree = "<group>"; };
		C812AADB25C078FA00D0C967 /* Info.plist */ = {isa = PBXFileReference; lastKnownFileType = text.plist.xml; path = Info.plist; sourceTree = "<group>"; };
		C812AAE025C078FA00D0C967 /* Lab03Tests.xctest */ = {isa = PBXFileReference; explicitFileType = wrapper.cfbundle; includeInIndex = 0; path = Lab03Tests.xctest; sourceTree = BUILT_PRODUCTS_DIR; };
		C812AAE425C078FA00D0C967 /* Lab03Tests.swift */ = {isa = PBXFileReference; lastKnownFileType = sourcecode.swift; path = Lab03Tests.swift; sourceTree = "<group>"; };
		C812AAE625C078FA00D0C967 /* Info.plist */ = {isa = PBXFileReference; lastKnownFileType = text.plist.xml; path = Info.plist; sourceTree = "<group>"; };
		C812AAEB25C078FA00D0C967 /* Lab03UITests.xctest */ = {isa = PBXFileReference; explicitFileType = wrapper.cfbundle; includeInIndex = 0; path = Lab03UITests.xctest; sourceTree = BUILT_PRODUCTS_DIR; };
		C812AAEF25C078FA00D0C967 /* Lab03UITests.swift */ = {isa = PBXFileReference; lastKnownFileType = sourcecode.swift; path = Lab03UITests.swift; sourceTree = "<group>"; };
		C812AAF125C078FA00D0C967 /* Info.plist */ = {isa = PBXFileReference; lastKnownFileType = text.plist.xml; path = Info.plist; sourceTree = "<group>"; };
/* End PBXFileReference section */

/* Begin PBXFrameworksBuildPhase section */
		C812AAC725C078F800D0C967 /* Frameworks */ = {
			isa = PBXFrameworksBuildPhase;
			buildActionMask = 2147483647;
			files = (
			);
			runOnlyForDeploymentPostprocessing = 0;
		};
		C812AADD25C078FA00D0C967 /* Frameworks */ = {
			isa = PBXFrameworksBuildPhase;
			buildActionMask = 2147483647;
			files = (
			);
			runOnlyForDeploymentPostprocessing = 0;
		};
		C812AAE825C078FA00D0C967 /* Frameworks */ = {
			isa = PBXFrameworksBuildPhase;
			buildActionMask = 2147483647;
			files = (
			);
			runOnlyForDeploymentPostprocessing = 0;
		};
/* End PBXFrameworksBuildPhase section */

/* Begin PBXGroup section */
		C812AAC125C078F800D0C967 = {
			isa = PBXGroup;
			children = (
				C812AACC25C078F800D0C967 /* Lab03 */,
				C812AAE325C078FA00D0C967 /* Lab03Tests */,
				C812AAEE25C078FA00D0C967 /* Lab03UITests */,
				C812AACB25C078F800D0C967 /* Products */,
			);
			sourceTree = "<group>";
		};
		C812AACB25C078F800D0C967 /* Products */ = {
			isa = PBXGroup;
			children = (
				C812AACA25C078F800D0C967 /* Lab03.app */,
				C812AAE025C078FA00D0C967 /* Lab03Tests.xctest */,
				C812AAEB25C078FA00D0C967 /* Lab03UITests.xctest */,
			);
			name = Products;
			sourceTree = "<group>";
		};
		C812AACC25C078F800D0C967 /* Lab03 */ = {
			isa = PBXGroup;
			children = (
				C812AACD25C078F800D0C967 /* AppDelegate.swift */,
				C812AACF25C078F800D0C967 /* SceneDelegate.swift */,
				C812AAD125C078F800D0C967 /* ViewController.swift */,
				C812AAD325C078F800D0C967 /* Main.storyboard */,
				C812AAD625C078FA00D0C967 /* Assets.xcassets */,
				C812AAD825C078FA00D0C967 /* LaunchScreen.storyboard */,
				C812AADB25C078FA00D0C967 /* Info.plist */,
			);
			path = Lab03;
			sourceTree = "<group>";
		};
		C812AAE325C078FA00D0C967 /* Lab03Tests */ = {
			isa = PBXGroup;
			children = (
				C812AAE425C078FA00D0C967 /* Lab03Tests.swift */,
				C812AAE625C078FA00D0C967 /* Info.plist */,
			);
			path = Lab03Tests;
			sourceTree = "<group>";
		};
		C812AAEE25C078FA00D0C967 /* Lab03UITests */ = {
			isa = PBXGroup;
			children = (
				C812AAEF25C078FA00D0C967 /* Lab03UITests.swift */,
				C812AAF125C078FA00D0C967 /* Info.plist */,
			);
			path = Lab03UITests;
			sourceTree = "<group>";
		};
/* End PBXGroup section */

/* Begin PBXNativeTarget section */
		C812AAC925C078F800D0C967 /* Lab03 */ = {
			isa = PBXNativeTarget;
			buildConfigurationList = C812AAF425C078FA00D0C967 /* Build configuration list for PBXNativeTarget "Lab03" */;
			buildPhases = (
				C812AAC625C078F800D0C967 /* Sources */,
				C812AAC725C078F800D0C967 /* Frameworks */,
				C812AAC825C078F800D0C967 /* Resources */,
			);
			buildRules = (
			);
			dependencies = (
			);
			name = Lab03;
			productName = Lab03;
			productReference = C812AACA25C078F800D0C967 /* Lab03.app */;
			productType = "com.apple.product-type.application";
		};
		C812AADF25C078FA00D0C967 /* Lab03Tests */ = {
			isa = PBXNativeTarget;
			buildConfigurationList = C812AAF725C078FA00D0C967 /* Build configuration list for PBXNativeTarget "Lab03Tests" */;
			buildPhases = (
				C812AADC25C078FA00D0C967 /* Sources */,
				C812AADD25C078FA00D0C967 /* Frameworks */,
				C812AADE25C078FA00D0C967 /* Resources */,
			);
			buildRules = (
			);
			dependencies = (
				C812AAE225C078FA00D0C967 /* PBXTargetDependency */,
			);
			name = Lab03Tests;
			productName = Lab03Tests;
			productReference = C812AAE025C078FA00D0C967 /* Lab03Tests.xctest */;
			productType = "com.apple.product-type.bundle.unit-test";
		};
		C812AAEA25C078FA00D0C967 /* Lab03UITests */ = {
			isa = PBXNativeTarget;
			buildConfigurationList = C812AAFA25C078FA00D0C967 /* Build configuration list for PBXNativeTarget "Lab03UITests" */;
			buildPhases = (
				C812AAE725C078FA00D0C967 /* Sources */,
				C812AAE825C078FA00D0C967 /* Frameworks */,
				C812AAE925C078FA00D0C967 /* Resources */,
			);
			buildRules = (
			);
			dependencies = (
				C812AAED25C078FA00D0C967 /* PBXTargetDependency */,
			);
			name = Lab03UITests;
			productName = Lab03UITests;
			productReference = C812AAEB25C078FA00D0C967 /* Lab03UITests.xctest */;
			productType = "com.apple.product-type.bundle.ui-testing";
		};
/* End PBXNativeTarget section */

/* Begin PBXProject section */
		C812AAC225C078F800D0C967 /* Project object */ = {
			isa = PBXProject;
			attributes = {
				LastSwiftUpdateCheck = 1230;
				LastUpgradeCheck = 1230;
				TargetAttributes = {
					C812AAC925C078F800D0C967 = {
						CreatedOnToolsVersion = 12.3;
					};
					C812AADF25C078FA00D0C967 = {
						CreatedOnToolsVersion = 12.3;
						TestTargetID = C812AAC925C078F800D0C967;
					};
					C812AAEA25C078FA00D0C967 = {
						CreatedOnToolsVersion = 12.3;
						TestTargetID = C812AAC925C078F800D0C967;
					};
				};
			};
			buildConfigurationList = C812AAC525C078F800D0C967 /* Build configuration list for PBXProject "Lab03" */;
			compatibilityVersion = "Xcode 9.3";
			developmentRegion = en;
			hasScannedForEncodings = 0;
			knownRegions = (
				en,
				Base,
			);
			mainGroup = C812AAC125C078F800D0C967;
			productRefGroup = C812AACB25C078F800D0C967 /* Products */;
			projectDirPath = "";
			projectRoot = "";
			targets = (
				C812AAC925C078F800D0C967 /* Lab03 */,
				C812AADF25C078FA00D0C967 /* Lab03Tests */,
				C812AAEA25C078FA00D0C967 /* Lab03UITests */,
			);
		};
/* End PBXProject section */

/* Begin PBXResourcesBuildPhase section */
		C812AAC825C078F800D0C967 /* Resources */ = {
			isa = PBXResourcesBuildPhase;
			buildActionMask = 2147483647;
			files = (
				C812AADA25C078FA00D0C967 /* LaunchScreen.storyboard in Resources */,
				C812AAD725C078FA00D0C967 /* Assets.xcassets in Resources */,
				C812AAD525C078F800D0C967 /* Main.storyboard in Resources */,
			);
			runOnlyForDeploymentPostprocessing = 0;
		};
		C812AADE25C078FA00D0C967 /* Resources */ = {
			isa = PBXResourcesBuildPhase;
			buildActionMask = 2147483647;
			files = (
			);
			runOnlyForDeploymentPostprocessing = 0;
		};
		C812AAE925C078FA00D0C967 /* Resources */ = {
			isa = PBXResourcesBuildPhase;
			buildActionMask = 2147483647;
			files = (
			);
			runOnlyForDeploymentPostprocessing = 0;
		};
/* End PBXResourcesBuildPhase section */

/* Begin PBXSourcesBuildPhase section */
		C812AAC625C078F800D0C967 /* Sources */ = {
			isa = PBXSourcesBuildPhase;
			buildActionMask = 2147483647;
			files = (
				C812AAD225C078F800D0C967 /* ViewController.swift in Sources */,
				C812AACE25C078F800D0C967 /* AppDelegate.swift in Sources */,
				C812AAD025C078F800D0C967 /* SceneDelegate.swift in Sources */,
			);
			runOnlyForDeploymentPostprocessing = 0;
		};
		C812AADC25C078FA00D0C967 /* Sources */ = {
			isa = PBXSourcesBuildPhase;
			buildActionMask = 2147483647;
			files = (
				C812AAE525C078FA00D0C967 /* Lab03Tests.swift in Sources */,
			);
			runOnlyForDeploymentPostprocessing = 0;
		};
		C812AAE725C078FA00D0C967 /* Sources */ = {
			isa = PBXSourcesBuildPhase;
			buildActionMask = 2147483647;
			files = (
				C812AAF025C078FA00D0C967 /* Lab03UITests.swift in Sources */,
			);
			runOnlyForDeploymentPostprocessing = 0;
		};
/* End PBXSourcesBuildPhase section */

/* Begin PBXTargetDependency section */
		C812AAE225C078FA00D0C967 /* PBXTargetDependency */ = {
			isa = PBXTargetDependency;
			target = C812AAC925C078F800D0C967 /* Lab03 */;
			targetProxy = C812AAE125C078FA00D0C967 /* PBXContainerItemProxy */;
		};
		C812AAED25C078FA00D0C967 /* PBXTargetDependency */ = {
			isa = PBXTargetDependency;
			target = C812AAC925C078F800D0C967 /* Lab03 */;
			targetProxy = C812AAEC25C078FA00D0C967 /* PBXContainerItemProxy */;
		};
/* End PBXTargetDependency section */

/* Begin PBXVariantGroup section */
		C812AAD325C078F800D0C967 /* Main.storyboard */ = {
			isa = PBXVariantGroup;
			children = (
				C812AAD425C078F800D0C967 /* Base */,
			);
			name = Main.storyboard;
			sourceTree = "<group>";
		};
		C812AAD825C078FA00D0C967 /* LaunchScreen.storyboard */ = {
			isa = PBXVariantGroup;
			children = (
				C812AAD925C078FA00D0C967 /* Base */,
			);
			name = LaunchScreen.storyboard;
			sourceTree = "<group>";
		};
/* End PBXVariantGroup section */

/* Begin XCBuildConfiguration section */
		C812AAF225C078FA00D0C967 /* Debug */ = {
			isa = XCBuildConfiguration;
			buildSettings = {
				ALWAYS_SEARCH_USER_PATHS = NO;
				CLANG_ANALYZER_NONNULL = YES;
				CLANG_ANALYZER_NUMBER_OBJECT_CONVERSION = YES_AGGRESSIVE;
				CLANG_CXX_LANGUAGE_STANDARD = "gnu++14";
				CLANG_CXX_LIBRARY = "libc++";
				CLANG_ENABLE_MODULES = YES;
				CLANG_ENABLE_OBJC_ARC = YES;
				CLANG_ENABLE_OBJC_WEAK = YES;
				CLANG_WARN_BLOCK_CAPTURE_AUTORELEASING = YES;
				CLANG_WARN_BOOL_CONVERSION = YES;
				CLANG_WARN_COMMA = YES;
				CLANG_WARN_CONSTANT_CONVERSION = YES;
				CLANG_WARN_DEPRECATED_OBJC_IMPLEMENTATIONS = YES;
				CLANG_WARN_DIRECT_OBJC_ISA_USAGE = YES_ERROR;
				CLANG_WARN_DOCUMENTATION_COMMENTS = YES;
				CLANG_WARN_EMPTY_BODY = YES;
				CLANG_WARN_ENUM_CONVERSION = YES;
				CLANG_WARN_INFINITE_RECURSION = YES;
				CLANG_WARN_INT_CONVERSION = YES;
				CLANG_WARN_NON_LITERAL_NULL_CONVERSION = YES;
				CLANG_WARN_OBJC_IMPLICIT_RETAIN_SELF = YES;
				CLANG_WARN_OBJC_LITERAL_CONVERSION = YES;
				CLANG_WARN_OBJC_ROOT_CLASS = YES_ERROR;
				CLANG_WARN_QUOTED_INCLUDE_IN_FRAMEWORK_HEADER = YES;
				CLANG_WARN_RANGE_LOOP_ANALYSIS = YES;
				CLANG_WARN_STRICT_PROTOTYPES = YES;
				CLANG_WARN_SUSPICIOUS_MOVE = YES;
				CLANG_WARN_UNGUARDED_AVAILABILITY = YES_AGGRESSIVE;
				CLANG_WARN_UNREACHABLE_CODE = YES;
				CLANG_WARN__DUPLICATE_METHOD_MATCH = YES;
				COPY_PHASE_STRIP = NO;
				DEBUG_INFORMATION_FORMAT = dwarf;
				ENABLE_STRICT_OBJC_MSGSEND = YES;
				ENABLE_TESTABILITY = YES;
				GCC_C_LANGUAGE_STANDARD = gnu11;
				GCC_DYNAMIC_NO_PIC = NO;
				GCC_NO_COMMON_BLOCKS = YES;
				GCC_OPTIMIZATION_LEVEL = 0;
				GCC_PREPROCESSOR_DEFINITIONS = (
					"DEBUG=1",
					"$(inherited)",
				);
				GCC_WARN_64_TO_32_BIT_CONVERSION = YES;
				GCC_WARN_ABOUT_RETURN_TYPE = YES_ERROR;
				GCC_WARN_UNDECLARED_SELECTOR = YES;
				GCC_WARN_UNINITIALIZED_AUTOS = YES_AGGRESSIVE;
				GCC_WARN_UNUSED_FUNCTION = YES;
				GCC_WARN_UNUSED_VARIABLE = YES;
				IPHONEOS_DEPLOYMENT_TARGET = 14.3;
				MTL_ENABLE_DEBUG_INFO = INCLUDE_SOURCE;
				MTL_FAST_MATH = YES;
				ONLY_ACTIVE_ARCH = YES;
				SDKROOT = iphoneos;
				SWIFT_ACTIVE_COMPILATION_CONDITIONS = DEBUG;
				SWIFT_OPTIMIZATION_LEVEL = "-Onone";
			};
			name = Debug;
		};
		C812AAF325C078FA00D0C967 /* Release */ = {
			isa = XCBuildConfiguration;
			buildSettings = {
				ALWAYS_SEARCH_USER_PATHS = NO;
				CLANG_ANALYZER_NONNULL = YES;
				CLANG_ANALYZER_NUMBER_OBJECT_CONVERSION = YES_AGGRESSIVE;
				CLANG_CXX_LANGUAGE_STANDARD = "gnu++14";
				CLANG_CXX_LIBRARY = "libc++";
				CLANG_ENABLE_MODULES = YES;
				CLANG_ENABLE_OBJC_ARC = YES;
				CLANG_ENABLE_OBJC_WEAK = YES;
				CLANG_WARN_BLOCK_CAPTURE_AUTORELEASING = YES;
				CLANG_WARN_BOOL_CONVERSION = YES;
				CLANG_WARN_COMMA = YES;
				CLANG_WARN_CONSTANT_CONVERSION = YES;
				CLANG_WARN_DEPRECATED_OBJC_IMPLEMENTATIONS = YES;
				CLANG_WARN_DIRECT_OBJC_ISA_USAGE = YES_ERROR;
				CLANG_WARN_DOCUMENTATION_COMMENTS = YES;
				CLANG_WARN_EMPTY_BODY = YES;
				CLANG_WARN_ENUM_CONVERSION = YES;
				CLANG_WARN_INFINITE_RECURSION = YES;
				CLANG_WARN_INT_CONVERSION = YES;
				CLANG_WARN_NON_LITERAL_NULL_CONVERSION = YES;
				CLANG_WARN_OBJC_IMPLICIT_RETAIN_SELF = YES;
				CLANG_WARN_OBJC_LITERAL_CONVERSION = YES;
				CLANG_WARN_OBJC_ROOT_CLASS = YES_ERROR;
				CLANG_WARN_QUOTED_INCLUDE_IN_FRAMEWORK_HEADER = YES;
				CLANG_WARN_RANGE_LOOP_ANALYSIS = YES;
				CLANG_WARN_STRICT_PROTOTYPES = YES;
				CLANG_WARN_SUSPICIOUS_MOVE = YES;
				CLANG_WARN_UNGUARDED_AVAILABILITY = YES_AGGRESSIVE;
				CLANG_WARN_UNREACHABLE_CODE = YES;
				CLANG_WARN__DUPLICATE_METHOD_MATCH = YES;
				COPY_PHASE_STRIP = NO;
				DEBUG_INFORMATION_FORMAT = "dwarf-with-dsym";
				ENABLE_NS_ASSERTIONS = NO;
				ENABLE_STRICT_OBJC_MSGSEND = YES;
				GCC_C_LANGUAGE_STANDARD = gnu11;
				GCC_NO_COMMON_BLOCKS = YES;
				GCC_WARN_64_TO_32_BIT_CONVERSION = YES;
				GCC_WARN_ABOUT_RETURN_TYPE = YES_ERROR;
				GCC_WARN_UNDECLARED_SELECTOR = YES;
				GCC_WARN_UNINITIALIZED_AUTOS = YES_AGGRESSIVE;
				GCC_WARN_UNUSED_FUNCTION = YES;
				GCC_WARN_UNUSED_VARIABLE = YES;
				IPHONEOS_DEPLOYMENT_TARGET = 14.3;
				MTL_ENABLE_DEBUG_INFO = NO;
				MTL_FAST_MATH = YES;
				SDKROOT = iphoneos;
				SWIFT_COMPILATION_MODE = wholemodule;
				SWIFT_OPTIMIZATION_LEVEL = "-O";
				VALIDATE_PRODUCT = YES;
			};
			name = Release;
		};
		C812AAF525C078FA00D0C967 /* Debug */ = {
			isa = XCBuildConfiguration;
			buildSettings = {
				ASSETCATALOG_COMPILER_APPICON_NAME = AppIcon;
				ASSETCATALOG_COMPILER_GLOBAL_ACCENT_COLOR_NAME = AccentColor;
				CODE_SIGN_STYLE = Automatic;
				DEVELOPMENT_TEAM = AD8R7TB6M2;
				INFOPLIST_FILE = Lab03/Info.plist;
				LD_RUNPATH_SEARCH_PATHS = (
					"$(inherited)",
					"@executable_path/Frameworks",
				);
				PRODUCT_BUNDLE_IDENTIFIER = edu.tric.it.Lab03;
				PRODUCT_NAME = "$(TARGET_NAME)";
				SWIFT_VERSION = 5.0;
				TARGETED_DEVICE_FAMILY = "1,2";
			};
			name = Debug;
		};
		C812AAF625C078FA00D0C967 /* Release */ = {
			isa = XCBuildConfiguration;
			buildSettings = {
				ASSETCATALOG_COMPILER_APPICON_NAME = AppIcon;
				ASSETCATALOG_COMPILER_GLOBAL_ACCENT_COLOR_NAME = AccentColor;
				CODE_SIGN_STYLE = Automatic;
				DEVELOPMENT_TEAM = AD8R7TB6M2;
				INFOPLIST_FILE = Lab03/Info.plist;
				LD_RUNPATH_SEARCH_PATHS = (
					"$(inherited)",
					"@executable_path/Frameworks",
				);
				PRODUCT_BUNDLE_IDENTIFIER = edu.tric.it.Lab03;
				PRODUCT_NAME = "$(TARGET_NAME)";
				SWIFT_VERSION = 5.0;
				TARGETED_DEVICE_FAMILY = "1,2";
			};
			name = Release;
		};
		C812AAF825C078FA00D0C967 /* Debug */ = {
			isa = XCBuildConfiguration;
			buildSettings = {
				ALWAYS_EMBED_SWIFT_STANDARD_LIBRARIES = YES;
				BUNDLE_LOADER = "$(TEST_HOST)";
				CODE_SIGN_STYLE = Automatic;
				DEVELOPMENT_TEAM = AD8R7TB6M2;
				INFOPLIST_FILE = Lab03Tests/Info.plist;
				IPHONEOS_DEPLOYMENT_TARGET = 14.3;
				LD_RUNPATH_SEARCH_PATHS = (
					"$(inherited)",
					"@executable_path/Frameworks",
					"@loader_path/Frameworks",
				);
				PRODUCT_BUNDLE_IDENTIFIER = edu.tric.it.Lab03Tests;
				PRODUCT_NAME = "$(TARGET_NAME)";
				SWIFT_VERSION = 5.0;
				TARGETED_DEVICE_FAMILY = "1,2";
				TEST_HOST = "$(BUILT_PRODUCTS_DIR)/Lab03.app/Lab03";
			};
			name = Debug;
		};
		C812AAF925C078FA00D0C967 /* Release */ = {
			isa = XCBuildConfiguration;
			buildSettings = {
				ALWAYS_EMBED_SWIFT_STANDARD_LIBRARIES = YES;
				BUNDLE_LOADER = "$(TEST_HOST)";
				CODE_SIGN_STYLE = Automatic;
				DEVELOPMENT_TEAM = AD8R7TB6M2;
				INFOPLIST_FILE = Lab03Tests/Info.plist;
				IPHONEOS_DEPLOYMENT_TARGET = 14.3;
				LD_RUNPATH_SEARCH_PATHS = (
					"$(inherited)",
					"@executable_path/Frameworks",
					"@loader_path/Frameworks",
				);
				PRODUCT_BUNDLE_IDENTIFIER = edu.tric.it.Lab03Tests;
				PRODUCT_NAME = "$(TARGET_NAME)";
				SWIFT_VERSION = 5.0;
				TARGETED_DEVICE_FAMILY = "1,2";
				TEST_HOST = "$(BUILT_PRODUCTS_DIR)/Lab03.app/Lab03";
			};
			name = Release;
		};
		C812AAFB25C078FA00D0C967 /* Debug */ = {
			isa = XCBuildConfiguration;
			buildSettings = {
				ALWAYS_EMBED_SWIFT_STANDARD_LIBRARIES = YES;
				CODE_SIGN_STYLE = Automatic;
				DEVELOPMENT_TEAM = AD8R7TB6M2;
				INFOPLIST_FILE = Lab03UITests/Info.plist;
				LD_RUNPATH_SEARCH_PATHS = (
					"$(inherited)",
					"@executable_path/Frameworks",
					"@loader_path/Frameworks",
				);
				PRODUCT_BUNDLE_IDENTIFIER = edu.tric.it.Lab03UITests;
				PRODUCT_NAME = "$(TARGET_NAME)";
				SWIFT_VERSION = 5.0;
				TARGETED_DEVICE_FAMILY = "1,2";
				TEST_TARGET_NAME = Lab03;
			};
			name = Debug;
		};
		C812AAFC25C078FA00D0C967 /* Release */ = {
			isa = XCBuildConfiguration;
			buildSettings = {
				ALWAYS_EMBED_SWIFT_STANDARD_LIBRARIES = YES;
				CODE_SIGN_STYLE = Automatic;
				DEVELOPMENT_TEAM = AD8R7TB6M2;
				INFOPLIST_FILE = Lab03UITests/Info.plist;
				LD_RUNPATH_SEARCH_PATHS = (
					"$(inherited)",
					"@executable_path/Frameworks",
					"@loader_path/Frameworks",
				);
				PRODUCT_BUNDLE_IDENTIFIER = edu.tric.it.Lab03UITests;
				PRODUCT_NAME = "$(TARGET_NAME)";
				SWIFT_VERSION = 5.0;
				TARGETED_DEVICE_FAMILY = "1,2";
				TEST_TARGET_NAME = Lab03;
			};
			name = Release;
		};
/* End XCBuildConfiguration section */

/* Begin XCConfigurationList section */
		C812AAC525C078F800D0C967 /* Build configuration list for PBXProject "Lab03" */ = {
			isa = XCConfigurationList;
			buildConfigurations = (
				C812AAF225C078FA00D0C967 /* Debug */,
				C812AAF325C078FA00D0C967 /* Release */,
			);
			defaultConfigurationIsVisible = 0;
			defaultConfigurationName = Release;
		};
		C812AAF425C078FA00D0C967 /* Build configuration list for PBXNativeTarget "Lab03" */ = {
			isa = XCConfigurationList;
			buildConfigurations = (
				C812AAF525C078FA00D0C967 /* Debug */,
				C812AAF625C078FA00D0C967 /* Release */,
			);
			defaultConfigurationIsVisible = 0;
			defaultConfigurationName = Release;
		};
		C812AAF725C078FA00D0C967 /* Build configuration list for PBXNativeTarget "Lab03Tests" */ = {
			isa = XCConfigurationList;
			buildConfigurations = (
				C812AAF825C078FA00D0C967 /* Debug */,
				C812AAF925C078FA00D0C967 /* Release */,
			);
			defaultConfigurationIsVisible = 0;
			defaultConfigurationName = Release;
		};
		C812AAFA25C078FA00D0C967 /* Build configuration list for PBXNativeTarget "Lab03UITests" */ = {
			isa = XCConfigurationList;
			buildConfigurations = (
				C812AAFB25C078FA00D0C967 /* Debug */,
				C812AAFC25C078FA00D0C967 /* Release */,
			);
			defaultConfigurationIsVisible = 0;
			defaultConfigurationName = Release;
		};
/* End XCConfigurationList section */
	};
	rootObject = C812AAC225C078F800D0C967 /* Project object */;
}
